
Microsoft Visual Studio Solution File, Format Version 12.00
# Visual Studio Version 17
VisualStudioVersion = 17.4.33110.190
MinimumVisualStudioVersion = 10.0.40219.1
Project("{9A19103F-16F7-4668-BE54-9A1E7A4F7556}") = "Arguments", "..\Chapter02\Arguments\Arguments.csproj", "{DA9626F0-9F0B-4D84-B1BE-04F4DF2BF8F8}"
EndProject
Project("{9A19103F-16F7-4668-BE54-9A1E7A4F7556}") = "Exercise02", "..\Chapter02\Exercise02\Exercise02.csproj", "{03662071-8696-466A-9D89-F8E33E5F5825}"
EndProject
Project("{9A19103F-16F7-4668-BE54-9A1E7A4F7556}") = "Formatting", "..\Chapter02\Formatting\Formatting.csproj", "{7C9FE2B7-A2C7-48A0-ABC8-9D2F9E5EA138}"
EndProject
Project("{9A19103F-16F7-4668-BE54-9A1E7A4F7556}") = "Numbers", "..\Chapter02\Numbers\Numbers.csproj", "{CD2D8012-40BA-4E3E-B4B7-AE7F30893C2A}"
EndProject
Project("{9A19103F-16F7-4668-BE54-9A1E7A4F7556}") = "Variables", "..\Chapter02\Variables\Variables.csproj", "{0F241249-947D-489E-9FA9-8DBB9F0B96C0}"
EndProject
Project("{9A19103F-16F7-4668-BE54-9A1E7A4F7556}") = "Vocabulary", "..\Chapter02\Vocabulary\Vocabulary.csproj", "{31789A91-46DD-453F-A551-81814ECF2111}"
EndProject
Project("{2150E333-8FDC-42A3-9474-1A3956D46DE8}") = "Chapter03", "Chapter03", "{30C640FB-2913-41EB-BFBE-7FA7C52E9010}"
EndProject
Project("{2150E333-8FDC-42A3-9474-1A3956D46DE8}") = "Chapter04", "Chapter04", "{80038985-1C4A-44FE-9D2D-072E2B2D0688}"
EndProject
Project("{9A19103F-16F7-4668-BE54-9A1E7A4F7556}") = "CallStackExceptionHandlerLib", "..\Chapter04\CallStackExceptionHandlerLib\CallStackExceptionHandlerLib.csproj", "{DA48A264-D9A2-4541-8FA1-F04C9B9A8B86}"
EndProject
Project("{9A19103F-16F7-4668-BE54-9A1E7A4F7556}") = "CallStackExceptionHandling", "..\Chapter04\CallStackExceptionHandling\CallStackExceptionHandling.csproj", "{DA812D97-051E-4B87-B500-569AC2A0DB7D}"
EndProject
Project("{2150E333-8FDC-42A3-9474-1A3956D46DE8}") = "Chapter05", "Chapter05", "{73087471-F961-48E0-A474-D82D1991EE32}"
EndProject
Project("{9A19103F-16F7-4668-BE54-9A1E7A4F7556}") = "PacktLibrary", "..\Chapter05\PacktLibrary\PacktLibrary.csproj", "{A1BA3A93-448F-460A-899C-A861A553C8C2}"
EndProject
Project("{9A19103F-16F7-4668-BE54-9A1E7A4F7556}") = "PacktLibraryModern", "..\Chapter05\PacktLibraryModern\PacktLibraryModern.csproj", "{1CB3BEB8-2406-484D-A0E0-1B563B31CCE2}"
EndProject
Project("{9A19103F-16F7-4668-BE54-9A1E7A4F7556}") = "PeopleApp", "..\Chapter05\PeopleApp\PeopleApp.csproj", "{7E4C6E65-DE6E-4049-8F2F-B9FFD1479E59}"
EndProject
Project("{2150E333-8FDC-42A3-9474-1A3956D46DE8}") = "Chapter02", "Chapter02", "{AA36F084-B8D4-429B-8EA3-23AC7A35D525}"
EndProject
Project("{2150E333-8FDC-42A3-9474-1A3956D46DE8}") = "Chapter06", "Chapter06", "{178BB26D-85F5-4090-9698-E62400ACB23E}"
EndProject
Project("{9A19103F-16F7-4668-BE54-9A1E7A4F7556}") = "PacktLibrary", "..\Chapter06\PacktLibrary\PacktLibrary.csproj", "{E16E9241-368F-4E8D-8B9A-8C2BF3E69503}"
EndProject
Project("{9A19103F-16F7-4668-BE54-9A1E7A4F7556}") = "PeopleApp", "..\Chapter06\PeopleApp\PeopleApp.csproj", "{8544836B-AFBF-4E39-9F54-DE7ACB4BA05B}"
EndProject
Project("{9A19103F-16F7-4668-BE54-9A1E7A4F7556}") = "NullHandling", "..\Chapter06\NullHandling\NullHandling.csproj", "{4B0AA7B3-045A-46B2-8EBC-C79B54934323}"
EndProject
Project("{9A19103F-16F7-4668-BE54-9A1E7A4F7556}") = "CodeAnalyzing", "Chapter06\CodeAnalyzing\CodeAnalyzing.csproj", "{F8A89F46-F7FC-4138-A695-141B7028AF98}"
EndProject
Project("{9A19103F-16F7-4668-BE54-9A1E7A4F7556}") = "Exercise02", "Exercise02\Exercise02.csproj", "{849D7386-154F-45BB-B5CC-B07737FA1866}"
EndProject
Project("{2150E333-8FDC-42A3-9474-1A3956D46DE8}") = "Chapter07", "Chapter07", "{02C7917A-FAE2-44C7-9903-17395DC650E1}"
EndProject
Project("{9A19103F-16F7-4668-BE54-9A1E7A4F7556}") = "AssembliesAndNamespaces", "Chapter07\AssembliesAndNamespaces\AssembliesAndNamespaces.csproj", "{5F08E574-04C6-4E47-B7DB-C4635BE69344}"
EndProject
Project("{9A19103F-16F7-4668-BE54-9A1E7A4F7556}") = "SharedLibrary", "Chapter07\SharedLibrary\SharedLibrary.csproj", "{C3566746-5DA4-42DD-B9BF-1A94AE286760}"
EndProject
Project("{9A19103F-16F7-4668-BE54-9A1E7A4F7556}") = "ControlSDK", "Chapter07\ControlSDK\ControlSDK.csproj", "{244565C2-EE7F-41AB-8184-AF875ACB6C93}"
EndProject
Project("{9A19103F-16F7-4668-BE54-9A1E7A4F7556}") = "DotNetEverywhere", "Chapter07\DotNetEverywhere\DotNetEverywhere.csproj", "{697158B2-AEEB-4FE6-BB2A-CDB0F489E22E}"
EndProject
Project("{2150E333-8FDC-42A3-9474-1A3956D46DE8}") = "Chapter09", "Chapter09", "{F15DAF95-83A0-428C-A79A-0B55286BCB65}"
EndProject
Project("{9A19103F-16F7-4668-BE54-9A1E7A4F7556}") = "WorkingWithFileSystems", "..\Chapter09\WorkingWithFileSystems\WorkingWithFileSystems.csproj", "{FDACA624-36CA-4570-9DED-9396783C7C7E}"
EndProject
Project("{9A19103F-16F7-4668-BE54-9A1E7A4F7556}") = "WorkingWithStreams", "..\Chapter09\WorkingWithStreams\WorkingWithStreams.csproj", "{762EC940-E963-419D-95A7-4AE91628299D}"
EndProject
Project("{9A19103F-16F7-4668-BE54-9A1E7A4F7556}") = "WorkingWithEncodings", "..\Chapter09\WorkingWithEncodings\WorkingWithEncodings.csproj", "{A8371C9B-6502-439D-822C-733B6099E379}"
EndProject
Project("{9A19103F-16F7-4668-BE54-9A1E7A4F7556}") = "WorkingWithSerialization", "..\Chapter09\WorkingWithSerialization\WorkingWithSerialization.csproj", "{58B17B51-58AD-48F0-BD67-A98657368D8C}"
EndProject
Project("{9A19103F-16F7-4668-BE54-9A1E7A4F7556}") = "WorkingWithJson", "..\Chapter09\WorkingWithJson\WorkingWithJson.csproj", "{EE734A18-0AC0-415A-BA2C-50DBA3F3C87C}"
EndProject
Global
	GlobalSection(SolutionConfigurationPlatforms) = preSolution
		Debug|Any CPU = Debug|Any CPU
		Release|Any CPU = Release|Any CPU
	EndGlobalSection
	GlobalSection(ProjectConfigurationPlatforms) = postSolution
		{DA9626F0-9F0B-4D84-B1BE-04F4DF2BF8F8}.Debug|Any CPU.ActiveCfg = Debug|Any CPU
		{DA9626F0-9F0B-4D84-B1BE-04F4DF2BF8F8}.Debug|Any CPU.Build.0 = Debug|Any CPU
		{DA9626F0-9F0B-4D84-B1BE-04F4DF2BF8F8}.Release|Any CPU.ActiveCfg = Release|Any CPU
		{DA9626F0-9F0B-4D84-B1BE-04F4DF2BF8F8}.Release|Any CPU.Build.0 = Release|Any CPU
		{03662071-8696-466A-9D89-F8E33E5F5825}.Debug|Any CPU.ActiveCfg = Debug|Any CPU
		{03662071-8696-466A-9D89-F8E33E5F5825}.Debug|Any CPU.Build.0 = Debug|Any CPU
		{03662071-8696-466A-9D89-F8E33E5F5825}.Release|Any CPU.ActiveCfg = Release|Any CPU
		{03662071-8696-466A-9D89-F8E33E5F5825}.Release|Any CPU.Build.0 = Release|Any CPU
		{7C9FE2B7-A2C7-48A0-ABC8-9D2F9E5EA138}.Debug|Any CPU.ActiveCfg = Debug|Any CPU
		{7C9FE2B7-A2C7-48A0-ABC8-9D2F9E5EA138}.Debug|Any CPU.Build.0 = Debug|Any CPU
		{7C9FE2B7-A2C7-48A0-ABC8-9D2F9E5EA138}.Release|Any CPU.ActiveCfg = Release|Any CPU
		{7C9FE2B7-A2C7-48A0-ABC8-9D2F9E5EA138}.Release|Any CPU.Build.0 = Release|Any CPU
		{CD2D8012-40BA-4E3E-B4B7-AE7F30893C2A}.Debug|Any CPU.ActiveCfg = Debug|Any CPU
		{CD2D8012-40BA-4E3E-B4B7-AE7F30893C2A}.Debug|Any CPU.Build.0 = Debug|Any CPU
		{CD2D8012-40BA-4E3E-B4B7-AE7F30893C2A}.Release|Any CPU.ActiveCfg = Release|Any CPU
		{CD2D8012-40BA-4E3E-B4B7-AE7F30893C2A}.Release|Any CPU.Build.0 = Release|Any CPU
		{0F241249-947D-489E-9FA9-8DBB9F0B96C0}.Debug|Any CPU.ActiveCfg = Debug|Any CPU
		{0F241249-947D-489E-9FA9-8DBB9F0B96C0}.Debug|Any CPU.Build.0 = Debug|Any CPU
		{0F241249-947D-489E-9FA9-8DBB9F0B96C0}.Release|Any CPU.ActiveCfg = Release|Any CPU
		{0F241249-947D-489E-9FA9-8DBB9F0B96C0}.Release|Any CPU.Build.0 = Release|Any CPU
		{31789A91-46DD-453F-A551-81814ECF2111}.Debug|Any CPU.ActiveCfg = Debug|Any CPU
		{31789A91-46DD-453F-A551-81814ECF2111}.Debug|Any CPU.Build.0 = Debug|Any CPU
		{31789A91-46DD-453F-A551-81814ECF2111}.Release|Any CPU.ActiveCfg = Release|Any CPU
		{31789A91-46DD-453F-A551-81814ECF2111}.Release|Any CPU.Build.0 = Release|Any CPU
		{DA48A264-D9A2-4541-8FA1-F04C9B9A8B86}.Debug|Any CPU.ActiveCfg = Debug|Any CPU
		{DA48A264-D9A2-4541-8FA1-F04C9B9A8B86}.Debug|Any CPU.Build.0 = Debug|Any CPU
		{DA48A264-D9A2-4541-8FA1-F04C9B9A8B86}.Release|Any CPU.ActiveCfg = Release|Any CPU
		{DA48A264-D9A2-4541-8FA1-F04C9B9A8B86}.Release|Any CPU.Build.0 = Release|Any CPU
		{DA812D97-051E-4B87-B500-569AC2A0DB7D}.Debug|Any CPU.ActiveCfg = Debug|Any CPU
		{DA812D97-051E-4B87-B500-569AC2A0DB7D}.Debug|Any CPU.Build.0 = Debug|Any CPU
		{DA812D97-051E-4B87-B500-569AC2A0DB7D}.Release|Any CPU.ActiveCfg = Release|Any CPU
		{DA812D97-051E-4B87-B500-569AC2A0DB7D}.Release|Any CPU.Build.0 = Release|Any CPU
		{A1BA3A93-448F-460A-899C-A861A553C8C2}.Debug|Any CPU.ActiveCfg = Debug|Any CPU
		{A1BA3A93-448F-460A-899C-A861A553C8C2}.Debug|Any CPU.Build.0 = Debug|Any CPU
		{A1BA3A93-448F-460A-899C-A861A553C8C2}.Release|Any CPU.ActiveCfg = Release|Any CPU
		{A1BA3A93-448F-460A-899C-A861A553C8C2}.Release|Any CPU.Build.0 = Release|Any CPU
		{1CB3BEB8-2406-484D-A0E0-1B563B31CCE2}.Debug|Any CPU.ActiveCfg = Debug|Any CPU
		{1CB3BEB8-2406-484D-A0E0-1B563B31CCE2}.Debug|Any CPU.Build.0 = Debug|Any CPU
		{1CB3BEB8-2406-484D-A0E0-1B563B31CCE2}.Release|Any CPU.ActiveCfg = Release|Any CPU
		{1CB3BEB8-2406-484D-A0E0-1B563B31CCE2}.Release|Any CPU.Build.0 = Release|Any CPU
		{7E4C6E65-DE6E-4049-8F2F-B9FFD1479E59}.Debug|Any CPU.ActiveCfg = Debug|Any CPU
		{7E4C6E65-DE6E-4049-8F2F-B9FFD1479E59}.Debug|Any CPU.Build.0 = Debug|Any CPU
		{7E4C6E65-DE6E-4049-8F2F-B9FFD1479E59}.Release|Any CPU.ActiveCfg = Release|Any CPU
		{7E4C6E65-DE6E-4049-8F2F-B9FFD1479E59}.Release|Any CPU.Build.0 = Release|Any CPU
		{E16E9241-368F-4E8D-8B9A-8C2BF3E69503}.Debug|Any CPU.ActiveCfg = Debug|Any CPU
		{E16E9241-368F-4E8D-8B9A-8C2BF3E69503}.Debug|Any CPU.Build.0 = Debug|Any CPU
		{E16E9241-368F-4E8D-8B9A-8C2BF3E69503}.Release|Any CPU.ActiveCfg = Release|Any CPU
		{E16E9241-368F-4E8D-8B9A-8C2BF3E69503}.Release|Any CPU.Build.0 = Release|Any CPU
		{8544836B-AFBF-4E39-9F54-DE7ACB4BA05B}.Debug|Any CPU.ActiveCfg = Debug|Any CPU
		{8544836B-AFBF-4E39-9F54-DE7ACB4BA05B}.Debug|Any CPU.Build.0 = Debug|Any CPU
		{8544836B-AFBF-4E39-9F54-DE7ACB4BA05B}.Release|Any CPU.ActiveCfg = Release|Any CPU
		{8544836B-AFBF-4E39-9F54-DE7ACB4BA05B}.Release|Any CPU.Build.0 = Release|Any CPU
		{4B0AA7B3-045A-46B2-8EBC-C79B54934323}.Debug|Any CPU.ActiveCfg = Debug|Any CPU
		{4B0AA7B3-045A-46B2-8EBC-C79B54934323}.Debug|Any CPU.Build.0 = Debug|Any CPU
		{4B0AA7B3-045A-46B2-8EBC-C79B54934323}.Release|Any CPU.ActiveCfg = Release|Any CPU
		{4B0AA7B3-045A-46B2-8EBC-C79B54934323}.Release|Any CPU.Build.0 = Release|Any CPU
		{F8A89F46-F7FC-4138-A695-141B7028AF98}.Debug|Any CPU.ActiveCfg = Debug|Any CPU
		{F8A89F46-F7FC-4138-A695-141B7028AF98}.Debug|Any CPU.Build.0 = Debug|Any CPU
		{F8A89F46-F7FC-4138-A695-141B7028AF98}.Release|Any CPU.ActiveCfg = Release|Any CPU
		{F8A89F46-F7FC-4138-A695-141B7028AF98}.Release|Any CPU.Build.0 = Release|Any CPU
		{849D7386-154F-45BB-B5CC-B07737FA1866}.Debug|Any CPU.ActiveCfg = Debug|Any CPU
		{849D7386-154F-45BB-B5CC-B07737FA1866}.Debug|Any CPU.Build.0 = Debug|Any CPU
		{849D7386-154F-45BB-B5CC-B07737FA1866}.Release|Any CPU.ActiveCfg = Release|Any CPU
		{849D7386-154F-45BB-B5CC-B07737FA1866}.Release|Any CPU.Build.0 = Release|Any CPU
		{5F08E574-04C6-4E47-B7DB-C4635BE69344}.Debug|Any CPU.ActiveCfg = Debug|Any CPU
		{5F08E574-04C6-4E47-B7DB-C4635BE69344}.Debug|Any CPU.Build.0 = Debug|Any CPU
		{5F08E574-04C6-4E47-B7DB-C4635BE69344}.Release|Any CPU.ActiveCfg = Release|Any CPU
		{5F08E574-04C6-4E47-B7DB-C4635BE69344}.Release|Any CPU.Build.0 = Release|Any CPU
		{C3566746-5DA4-42DD-B9BF-1A94AE286760}.Debug|Any CPU.ActiveCfg = Debug|Any CPU
		{C3566746-5DA4-42DD-B9BF-1A94AE286760}.Debug|Any CPU.Build.0 = Debug|Any CPU
		{C3566746-5DA4-42DD-B9BF-1A94AE286760}.Release|Any CPU.ActiveCfg = Release|Any CPU
		{C3566746-5DA4-42DD-B9BF-1A94AE286760}.Release|Any CPU.Build.0 = Release|Any CPU
		{244565C2-EE7F-41AB-8184-AF875ACB6C93}.Debug|Any CPU.ActiveCfg = Debug|Any CPU
		{244565C2-EE7F-41AB-8184-AF875ACB6C93}.Debug|Any CPU.Build.0 = Debug|Any CPU
		{244565C2-EE7F-41AB-8184-AF875ACB6C93}.Release|Any CPU.ActiveCfg = Release|Any CPU
		{244565C2-EE7F-41AB-8184-AF875ACB6C93}.Release|Any CPU.Build.0 = Release|Any CPU
		{697158B2-AEEB-4FE6-BB2A-CDB0F489E22E}.Debug|Any CPU.ActiveCfg = Debug|Any CPU
		{697158B2-AEEB-4FE6-BB2A-CDB0F489E22E}.Debug|Any CPU.Build.0 = Debug|Any CPU
		{697158B2-AEEB-4FE6-BB2A-CDB0F489E22E}.Release|Any CPU.ActiveCfg = Release|Any CPU
		{697158B2-AEEB-4FE6-BB2A-CDB0F489E22E}.Release|Any CPU.Build.0 = Release|Any CPU
		{FDACA624-36CA-4570-9DED-9396783C7C7E}.Debug|Any CPU.ActiveCfg = Debug|Any CPU
		{FDACA624-36CA-4570-9DED-9396783C7C7E}.Debug|Any CPU.Build.0 = Debug|Any CPU
		{FDACA624-36CA-4570-9DED-9396783C7C7E}.Release|Any CPU.ActiveCfg = Release|Any CPU
		{FDACA624-36CA-4570-9DED-9396783C7C7E}.Release|Any CPU.Build.0 = Release|Any CPU
		{762EC940-E963-419D-95A7-4AE91628299D}.Debug|Any CPU.ActiveCfg = Debug|Any CPU
		{762EC940-E963-419D-95A7-4AE91628299D}.Debug|Any CPU.Build.0 = Debug|Any CPU
		{762EC940-E963-419D-95A7-4AE91628299D}.Release|Any CPU.ActiveCfg = Release|Any CPU
		{762EC940-E963-419D-95A7-4AE91628299D}.Release|Any CPU.Build.0 = Release|Any CPU
		{A8371C9B-6502-439D-822C-733B6099E379}.Debug|Any CPU.ActiveCfg = Debug|Any CPU
		{A8371C9B-6502-439D-822C-733B6099E379}.Debug|Any CPU.Build.0 = Debug|Any CPU
		{A8371C9B-6502-439D-822C-733B6099E379}.Release|Any CPU.ActiveCfg = Release|Any CPU
		{A8371C9B-6502-439D-822C-733B6099E379}.Release|Any CPU.Build.0 = Release|Any CPU
		{58B17B51-58AD-48F0-BD67-A98657368D8C}.Debug|Any CPU.ActiveCfg = Debug|Any CPU
		{58B17B51-58AD-48F0-BD67-A98657368D8C}.Debug|Any CPU.Build.0 = Debug|Any CPU
		{58B17B51-58AD-48F0-BD67-A98657368D8C}.Release|Any CPU.ActiveCfg = Release|Any CPU
		{58B17B51-58AD-48F0-BD67-A98657368D8C}.Release|Any CPU.Build.0 = Release|Any CPU
		{EE734A18-0AC0-415A-BA2C-50DBA3F3C87C}.Debug|Any CPU.ActiveCfg = Debug|Any CPU
		{EE734A18-0AC0-415A-BA2C-50DBA3F3C87C}.Debug|Any CPU.Build.0 = Debug|Any CPU
		{EE734A18-0AC0-415A-BA2C-50DBA3F3C87C}.Release|Any CPU.ActiveCfg = Release|Any CPU
		{EE734A18-0AC0-415A-BA2C-50DBA3F3C87C}.Release|Any CPU.Build.0 = Release|Any CPU
	EndGlobalSection
	GlobalSection(SolutionProperties) = preSolution
		HideSolutionNode = FALSE
	EndGlobalSection
	GlobalSection(NestedProjects) = preSolution
		{DA9626F0-9F0B-4D84-B1BE-04F4DF2BF8F8} = {AA36F084-B8D4-429B-8EA3-23AC7A35D525}
		{03662071-8696-466A-9D89-F8E33E5F5825} = {AA36F084-B8D4-429B-8EA3-23AC7A35D525}
		{7C9FE2B7-A2C7-48A0-ABC8-9D2F9E5EA138} = {AA36F084-B8D4-429B-8EA3-23AC7A35D525}
		{CD2D8012-40BA-4E3E-B4B7-AE7F30893C2A} = {AA36F084-B8D4-429B-8EA3-23AC7A35D525}
		{0F241249-947D-489E-9FA9-8DBB9F0B96C0} = {AA36F084-B8D4-429B-8EA3-23AC7A35D525}
		{31789A91-46DD-453F-A551-81814ECF2111} = {AA36F084-B8D4-429B-8EA3-23AC7A35D525}
		{DA48A264-D9A2-4541-8FA1-F04C9B9A8B86} = {80038985-1C4A-44FE-9D2D-072E2B2D0688}
		{DA812D97-051E-4B87-B500-569AC2A0DB7D} = {80038985-1C4A-44FE-9D2D-072E2B2D0688}
		{A1BA3A93-448F-460A-899C-A861A553C8C2} = {73087471-F961-48E0-A474-D82D1991EE32}
		{1CB3BEB8-2406-484D-A0E0-1B563B31CCE2} = {73087471-F961-48E0-A474-D82D1991EE32}
		{7E4C6E65-DE6E-4049-8F2F-B9FFD1479E59} = {73087471-F961-48E0-A474-D82D1991EE32}
		{E16E9241-368F-4E8D-8B9A-8C2BF3E69503} = {178BB26D-85F5-4090-9698-E62400ACB23E}
		{8544836B-AFBF-4E39-9F54-DE7ACB4BA05B} = {178BB26D-85F5-4090-9698-E62400ACB23E}
		{4B0AA7B3-045A-46B2-8EBC-C79B54934323} = {178BB26D-85F5-4090-9698-E62400ACB23E}
		{F8A89F46-F7FC-4138-A695-141B7028AF98} = {178BB26D-85F5-4090-9698-E62400ACB23E}
		{849D7386-154F-45BB-B5CC-B07737FA1866} = {178BB26D-85F5-4090-9698-E62400ACB23E}
		{5F08E574-04C6-4E47-B7DB-C4635BE69344} = {02C7917A-FAE2-44C7-9903-17395DC650E1}
		{C3566746-5DA4-42DD-B9BF-1A94AE286760} = {02C7917A-FAE2-44C7-9903-17395DC650E1}
		{244565C2-EE7F-41AB-8184-AF875ACB6C93} = {02C7917A-FAE2-44C7-9903-17395DC650E1}
		{697158B2-AEEB-4FE6-BB2A-CDB0F489E22E} = {02C7917A-FAE2-44C7-9903-17395DC650E1}
		{FDACA624-36CA-4570-9DED-9396783C7C7E} = {F15DAF95-83A0-428C-A79A-0B55286BCB65}
		{762EC940-E963-419D-95A7-4AE91628299D} = {F15DAF95-83A0-428C-A79A-0B55286BCB65}
		{A8371C9B-6502-439D-822C-733B6099E379} = {F15DAF95-83A0-428C-A79A-0B55286BCB65}
		{58B17B51-58AD-48F0-BD67-A98657368D8C} = {F15DAF95-83A0-428C-A79A-0B55286BCB65}
		{EE734A18-0AC0-415A-BA2C-50DBA3F3C87C} = {F15DAF95-83A0-428C-A79A-0B55286BCB65}
	EndGlobalSection
	GlobalSection(ExtensibilityGlobals) = postSolution
		SolutionGuid = {5E1B6AA0-CF34-4E7D-9AF7-2BB3F6DA75EC}
	EndGlobalSection
EndGlobal
