
Microsoft Visual Studio Solution File, Format Version 12.00
# Visual Studio Version 17
VisualStudioVersion = 17.4.33110.190
MinimumVisualStudioVersion = 10.0.40219.1
Project("{9A19103F-16F7-4668-BE54-9A1E7A4F7556}") = "CalculatorLib", "..\Chapter04_old\CalculatorLib\CalculatorLib.csproj", "{89449457-BDAD-40F4-ABB1-844F57D4759F}"
EndProject
Project("{9A19103F-16F7-4668-BE54-9A1E7A4F7556}") = "CalculatorLibUnitTests", "..\Chapter04_old\CalculatorLibUnitTests\CalculatorLibUnitTests.csproj", "{CE169972-F628-4FE1-B722-88D59F1E7B41}"
EndProject
Project("{9A19103F-16F7-4668-BE54-9A1E7A4F7556}") = "Instrumenting", "..\Chapter04_old\Instrumenting\Instrumenting.csproj", "{7F24DA0D-FA21-427B-B042-36F84101A2BB}"
EndProject
Project("{9A19103F-16F7-4668-BE54-9A1E7A4F7556}") = "WritingFunctions", "..\Chapter04_old\WritingFunctions\WritingFunctions.csproj", "{ABAE034D-39BA-4330-809F-F1942E490691}"
EndProject
Project("{FAE04EC0-301F-11D3-BF4B-00C04F79EFBC}") = "CallStackExceptionHandlerLib", "CallStackExceptionHandlerLib\CallStackExceptionHandlerLib.csproj", "{F96E122D-D520-4DD4-9E14-1C86809F90B2}"
EndProject
Project("{FAE04EC0-301F-11D3-BF4B-00C04F79EFBC}") = "CallStackExceptionHandling", "CallStackExceptionHandling\CallStackExceptionHandling.csproj", "{98D8346F-19A1-4A59-929A-C0FFBF8C9768}"
EndProject
Global
	GlobalSection(SolutionConfigurationPlatforms) = preSolution
		Debug|Any CPU = Debug|Any CPU
		Release|Any CPU = Release|Any CPU
	EndGlobalSection
	GlobalSection(ProjectConfigurationPlatforms) = postSolution
		{89449457-BDAD-40F4-ABB1-844F57D4759F}.Debug|Any CPU.ActiveCfg = Debug|Any CPU
		{89449457-BDAD-40F4-ABB1-844F57D4759F}.Debug|Any CPU.Build.0 = Debug|Any CPU
		{89449457-BDAD-40F4-ABB1-844F57D4759F}.Release|Any CPU.ActiveCfg = Release|Any CPU
		{89449457-BDAD-40F4-ABB1-844F57D4759F}.Release|Any CPU.Build.0 = Release|Any CPU
		{CE169972-F628-4FE1-B722-88D59F1E7B41}.Debug|Any CPU.ActiveCfg = Debug|Any CPU
		{CE169972-F628-4FE1-B722-88D59F1E7B41}.Debug|Any CPU.Build.0 = Debug|Any CPU
		{CE169972-F628-4FE1-B722-88D59F1E7B41}.Release|Any CPU.ActiveCfg = Release|Any CPU
		{CE169972-F628-4FE1-B722-88D59F1E7B41}.Release|Any CPU.Build.0 = Release|Any CPU
		{7F24DA0D-FA21-427B-B042-36F84101A2BB}.Debug|Any CPU.ActiveCfg = Debug|Any CPU
		{7F24DA0D-FA21-427B-B042-36F84101A2BB}.Debug|Any CPU.Build.0 = Debug|Any CPU
		{7F24DA0D-FA21-427B-B042-36F84101A2BB}.Release|Any CPU.ActiveCfg = Release|Any CPU
		{7F24DA0D-FA21-427B-B042-36F84101A2BB}.Release|Any CPU.Build.0 = Release|Any CPU
		{ABAE034D-39BA-4330-809F-F1942E490691}.Debug|Any CPU.ActiveCfg = Debug|Any CPU
		{ABAE034D-39BA-4330-809F-F1942E490691}.Debug|Any CPU.Build.0 = Debug|Any CPU
		{ABAE034D-39BA-4330-809F-F1942E490691}.Release|Any CPU.ActiveCfg = Release|Any CPU
		{ABAE034D-39BA-4330-809F-F1942E490691}.Release|Any CPU.Build.0 = Release|Any CPU
		{F96E122D-D520-4DD4-9E14-1C86809F90B2}.Debug|Any CPU.ActiveCfg = Debug|Any CPU
		{F96E122D-D520-4DD4-9E14-1C86809F90B2}.Debug|Any CPU.Build.0 = Debug|Any CPU
		{F96E122D-D520-4DD4-9E14-1C86809F90B2}.Release|Any CPU.ActiveCfg = Release|Any CPU
		{F96E122D-D520-4DD4-9E14-1C86809F90B2}.Release|Any CPU.Build.0 = Release|Any CPU
		{98D8346F-19A1-4A59-929A-C0FFBF8C9768}.Debug|Any CPU.ActiveCfg = Debug|Any CPU
		{98D8346F-19A1-4A59-929A-C0FFBF8C9768}.Debug|Any CPU.Build.0 = Debug|Any CPU
		{98D8346F-19A1-4A59-929A-C0FFBF8C9768}.Release|Any CPU.ActiveCfg = Release|Any CPU
		{98D8346F-19A1-4A59-929A-C0FFBF8C9768}.Release|Any CPU.Build.0 = Release|Any CPU
	EndGlobalSection
	GlobalSection(SolutionProperties) = preSolution
		HideSolutionNode = FALSE
	EndGlobalSection
	GlobalSection(ExtensibilityGlobals) = postSolution
		SolutionGuid = {40607808-C23F-4D39-AC28-38D4DD2831DD}
	EndGlobalSection
EndGlobal
